
Microsoft Visual Studio Solution File, Format Version 12.00
# Visual Studio Version 16
VisualStudioVersion = 16.0.29001.49
MinimumVisualStudioVersion = 10.0.40219.1
Project("{FAE04EC0-301F-11D3-BF4B-00C04F79EFBC}") = "BaiTapCODEFIRST", "BaiTapCODEFIRST.csproj", "{EFF94D49-F0FB-4B1D-B077-B7A5277468E5}"
EndProject
Global
	GlobalSection(SolutionConfigurationPlatforms) = preSolution
		Debug|Any CPU = Debug|Any CPU
		Release|Any CPU = Release|Any CPU
	EndGlobalSection
	GlobalSection(ProjectConfigurationPlatforms) = postSolution
		{EFF94D49-F0FB-4B1D-B077-B7A5277468E5}.Debug|Any CPU.ActiveCfg = Debug|Any CPU
		{EFF94D49-F0FB-4B1D-B077-B7A5277468E5}.Debug|Any CPU.Build.0 = Debug|Any CPU
		{EFF94D49-F0FB-4B1D-B077-B7A5277468E5}.Release|Any CPU.ActiveCfg = Release|Any CPU
		{EFF94D49-F0FB-4B1D-B077-B7A5277468E5}.Release|Any CPU.Build.0 = Release|Any CPU
	EndGlobalSection
	GlobalSection(SolutionProperties) = preSolution
		HideSolutionNode = FALSE
	EndGlobalSection
	GlobalSection(ExtensibilityGlobals) = postSolution
		SolutionGuid = {6D3B893E-4E52-456D-B7CB-7FB41C2A58E4}
	EndGlobalSection
EndGlobal
