
Microsoft Visual Studio Solution File, Format Version 12.00
# Visual Studio Version 16
VisualStudioVersion = 16.0.29001.49
MinimumVisualStudioVersion = 10.0.40219.1
Project("{FAE04EC0-301F-11D3-BF4B-00C04F79EFBC}") = "Validation", "Validation.csproj", "{7B2ABC36-2647-489C-9188-B7D8AEE7194C}"
EndProject
Global
	GlobalSection(SolutionConfigurationPlatforms) = preSolution
		Debug|Any CPU = Debug|Any CPU
		Release|Any CPU = Release|Any CPU
	EndGlobalSection
	GlobalSection(ProjectConfigurationPlatforms) = postSolution
		{7B2ABC36-2647-489C-9188-B7D8AEE7194C}.Debug|Any CPU.ActiveCfg = Debug|Any CPU
		{7B2ABC36-2647-489C-9188-B7D8AEE7194C}.Debug|Any CPU.Build.0 = Debug|Any CPU
		{7B2ABC36-2647-489C-9188-B7D8AEE7194C}.Release|Any CPU.ActiveCfg = Release|Any CPU
		{7B2ABC36-2647-489C-9188-B7D8AEE7194C}.Release|Any CPU.Build.0 = Release|Any CPU
	EndGlobalSection
	GlobalSection(SolutionProperties) = preSolution
		HideSolutionNode = FALSE
	EndGlobalSection
	GlobalSection(ExtensibilityGlobals) = postSolution
		SolutionGuid = {B96E0A84-B6FC-4421-AA30-FFE21D75760A}
	EndGlobalSection
EndGlobal
